
Microsoft Visual Studio Solution File, Format Version 12.00
# Visual Studio Version 17
VisualStudioVersion = 17.0.31903.59
MinimumVisualStudioVersion = 10.0.40219.1
Project("{2150E333-8FDC-42A3-9474-1A3956D46DE8}") = "src", "src", "{98D5DFB1-2EE0-4A51-BDFA-C08A8BDB9A13}"
EndProject
Project("{FAE04EC0-301F-11D3-BF4B-00C04F79EFBC}") = "JonTurkCli", "src\JonTurkCli\JonTurkCli.csproj", "{19B4BE39-5221-4493-B23E-C1A4C6B4C2A8}"
EndProject
Global
	GlobalSection(SolutionConfigurationPlatforms) = preSolution
		Debug|Any CPU = Debug|Any CPU
		Release|Any CPU = Release|Any CPU
	EndGlobalSection
	GlobalSection(SolutionProperties) = preSolution
		HideSolutionNode = FALSE
	EndGlobalSection
	GlobalSection(ProjectConfigurationPlatforms) = postSolution
		{19B4BE39-5221-4493-B23E-C1A4C6B4C2A8}.Debug|Any CPU.ActiveCfg = Debug|Any CPU
		{19B4BE39-5221-4493-B23E-C1A4C6B4C2A8}.Debug|Any CPU.Build.0 = Debug|Any CPU
		{19B4BE39-5221-4493-B23E-C1A4C6B4C2A8}.Release|Any CPU.ActiveCfg = Release|Any CPU
		{19B4BE39-5221-4493-B23E-C1A4C6B4C2A8}.Release|Any CPU.Build.0 = Release|Any CPU
	EndGlobalSection
	GlobalSection(NestedProjects) = preSolution
		{19B4BE39-5221-4493-B23E-C1A4C6B4C2A8} = {98D5DFB1-2EE0-4A51-BDFA-C08A8BDB9A13}
	EndGlobalSection
EndGlobal
